Microsoft Visual Studio Solution File, Format Version 12.00
# Visual Studio Version 16
VisualStudioVersion = 16.0.0.0
MinimumVisualStudioVersion = 16.0.0.0
Project("{9A19103F-16F7-4668-BE54-9A1E7A4F7556}") = "MadWorld.Mobile", "MadWorld.Mobile\MadWorld.Mobile.csproj", "{568932ED-0D8B-4B71-994D-66D7A12B9A08}"
EndProject
Project("{FAE04EC0-301F-11D3-BF4B-00C04F79EFBC}") = "MadWorld.Mobile.Android", "MadWorld.Mobile.Android\MadWorld.Mobile.Android.csproj", "{EC0AD7B5-AC74-44F9-B1E8-D79B23D96176}"
EndProject
Project("{FAE04EC0-301F-11D3-BF4B-00C04F79EFBC}") = "MadWorld.Mobile.iOS", "MadWorld.Mobile.iOS\MadWorld.Mobile.iOS.csproj", "{24572D78-27E7-4BCF-A824-DB06A83773F4}"
EndProject
Project("{FAE04EC0-301F-11D3-BF4B-00C04F79EFBC}") = "MadWorld.Mobile.Apple.WatchOSApp", "MadWorld.Mobile.Apple\MadWorld.Mobile.Apple.WatchOSApp\MadWorld.Mobile.Apple.WatchOSApp.csproj", "{C84678A4-DA8B-4961-9A0B-A180BFA73B34}"
EndProject
Project("{FAE04EC0-301F-11D3-BF4B-00C04F79EFBC}") = "MadWorld.Mobile.Apple.WatchOSExtension", "MadWorld.Mobile.Apple\MadWorld.Mobile.Apple.WatchOSExtension\MadWorld.Mobile.Apple.WatchOSExtension.csproj", "{DC8C3065-7FCF-498C-8CB8-E30121E05BB7}"
EndProject
Global
	GlobalSection(SolutionConfigurationPlatforms) = preSolution
		Debug|Any CPU = Debug|Any CPU
		Debug|iPhone = Debug|iPhone
		Debug|iPhoneSimulator = Debug|iPhoneSimulator
		Debug|x64 = Debug|x64
		Debug|x86 = Debug|x86
		Release|Any CPU = Release|Any CPU
		Release|iPhone = Release|iPhone
		Release|iPhoneSimulator = Release|iPhoneSimulator
		Release|x64 = Release|x64
		Release|x86 = Release|x86
	EndGlobalSection
	GlobalSection(ProjectConfigurationPlatforms) = postSolution
		{EC0AD7B5-AC74-44F9-B1E8-D79B23D96176}.Debug|Any CPU.ActiveCfg = Debug|Any CPU
		{EC0AD7B5-AC74-44F9-B1E8-D79B23D96176}.Debug|Any CPU.Build.0 = Debug|Any CPU
		{EC0AD7B5-AC74-44F9-B1E8-D79B23D96176}.Debug|Any CPU.Deploy.0 = Debug|Any CPU
		{EC0AD7B5-AC74-44F9-B1E8-D79B23D96176}.Debug|iPhone.ActiveCfg = Debug|Any CPU
		{EC0AD7B5-AC74-44F9-B1E8-D79B23D96176}.Debug|iPhone.Build.0 = Debug|Any CPU
		{EC0AD7B5-AC74-44F9-B1E8-D79B23D96176}.Debug|iPhone.Deploy.0 = Debug|Any CPU
		{EC0AD7B5-AC74-44F9-B1E8-D79B23D96176}.Debug|iPhoneSimulator.ActiveCfg = Debug|Any CPU
		{EC0AD7B5-AC74-44F9-B1E8-D79B23D96176}.Debug|iPhoneSimulator.Build.0 = Debug|Any CPU
		{EC0AD7B5-AC74-44F9-B1E8-D79B23D96176}.Debug|iPhoneSimulator.Deploy.0 = Debug|Any CPU
		{EC0AD7B5-AC74-44F9-B1E8-D79B23D96176}.Debug|x64.ActiveCfg = Debug|Any CPU
		{EC0AD7B5-AC74-44F9-B1E8-D79B23D96176}.Debug|x64.Build.0 = Debug|Any CPU
		{EC0AD7B5-AC74-44F9-B1E8-D79B23D96176}.Debug|x64.Deploy.0 = Debug|Any CPU
		{EC0AD7B5-AC74-44F9-B1E8-D79B23D96176}.Debug|x86.ActiveCfg = Debug|Any CPU
		{EC0AD7B5-AC74-44F9-B1E8-D79B23D96176}.Debug|x86.Build.0 = Debug|Any CPU
		{EC0AD7B5-AC74-44F9-B1E8-D79B23D96176}.Debug|x86.Deploy.0 = Debug|Any CPU
		{EC0AD7B5-AC74-44F9-B1E8-D79B23D96176}.Release|Any CPU.ActiveCfg = Release|Any CPU
		{EC0AD7B5-AC74-44F9-B1E8-D79B23D96176}.Release|Any CPU.Build.0 = Release|Any CPU
		{EC0AD7B5-AC74-44F9-B1E8-D79B23D96176}.Release|Any CPU.Deploy.0 = Release|Any CPU
		{EC0AD7B5-AC74-44F9-B1E8-D79B23D96176}.Release|iPhone.ActiveCfg = Release|Any CPU
		{EC0AD7B5-AC74-44F9-B1E8-D79B23D96176}.Release|iPhone.Build.0 = Release|Any CPU
		{EC0AD7B5-AC74-44F9-B1E8-D79B23D96176}.Release|iPhone.Deploy.0 = Release|Any CPU
		{EC0AD7B5-AC74-44F9-B1E8-D79B23D96176}.Release|iPhoneSimulator.ActiveCfg = Release|Any CPU
		{EC0AD7B5-AC74-44F9-B1E8-D79B23D96176}.Release|iPhoneSimulator.Build.0 = Release|Any CPU
		{EC0AD7B5-AC74-44F9-B1E8-D79B23D96176}.Release|iPhoneSimulator.Deploy.0 = Release|Any CPU
		{EC0AD7B5-AC74-44F9-B1E8-D79B23D96176}.Release|x64.ActiveCfg = Release|Any CPU
		{EC0AD7B5-AC74-44F9-B1E8-D79B23D96176}.Release|x64.Build.0 = Release|Any CPU
		{EC0AD7B5-AC74-44F9-B1E8-D79B23D96176}.Release|x64.Deploy.0 = Release|Any CPU
		{EC0AD7B5-AC74-44F9-B1E8-D79B23D96176}.Release|x86.ActiveCfg = Release|Any CPU
		{EC0AD7B5-AC74-44F9-B1E8-D79B23D96176}.Release|x86.Build.0 = Release|Any CPU
		{EC0AD7B5-AC74-44F9-B1E8-D79B23D96176}.Release|x86.Deploy.0 = Release|Any CPU
		{568932ED-0D8B-4B71-994D-66D7A12B9A08}.Debug|Any CPU.ActiveCfg = Debug|Any CPU
		{568932ED-0D8B-4B71-994D-66D7A12B9A08}.Debug|Any CPU.Build.0 = Debug|Any CPU
		{568932ED-0D8B-4B71-994D-66D7A12B9A08}.Debug|iPhone.ActiveCfg = Debug|Any CPU
		{568932ED-0D8B-4B71-994D-66D7A12B9A08}.Debug|iPhone.Build.0 = Debug|Any CPU
		{568932ED-0D8B-4B71-994D-66D7A12B9A08}.Debug|iPhoneSimulator.ActiveCfg = Debug|Any CPU
		{568932ED-0D8B-4B71-994D-66D7A12B9A08}.Debug|iPhoneSimulator.Build.0 = Debug|Any CPU
		{568932ED-0D8B-4B71-994D-66D7A12B9A08}.Debug|x64.ActiveCfg = Debug|Any CPU
		{568932ED-0D8B-4B71-994D-66D7A12B9A08}.Debug|x64.Build.0 = Debug|Any CPU
		{568932ED-0D8B-4B71-994D-66D7A12B9A08}.Debug|x86.ActiveCfg = Debug|Any CPU
		{568932ED-0D8B-4B71-994D-66D7A12B9A08}.Debug|x86.Build.0 = Debug|Any CPU
		{568932ED-0D8B-4B71-994D-66D7A12B9A08}.Release|Any CPU.ActiveCfg = Release|Any CPU
		{568932ED-0D8B-4B71-994D-66D7A12B9A08}.Release|Any CPU.Build.0 = Release|Any CPU
		{568932ED-0D8B-4B71-994D-66D7A12B9A08}.Release|iPhone.ActiveCfg = Release|Any CPU
		{568932ED-0D8B-4B71-994D-66D7A12B9A08}.Release|iPhone.Build.0 = Release|Any CPU
		{568932ED-0D8B-4B71-994D-66D7A12B9A08}.Release|iPhoneSimulator.ActiveCfg = Release|Any CPU
		{568932ED-0D8B-4B71-994D-66D7A12B9A08}.Release|iPhoneSimulator.Build.0 = Release|Any CPU
		{568932ED-0D8B-4B71-994D-66D7A12B9A08}.Release|x64.ActiveCfg = Release|Any CPU
		{568932ED-0D8B-4B71-994D-66D7A12B9A08}.Release|x64.Build.0 = Release|Any CPU
		{568932ED-0D8B-4B71-994D-66D7A12B9A08}.Release|x86.ActiveCfg = Release|Any CPU
		{568932ED-0D8B-4B71-994D-66D7A12B9A08}.Release|x86.Build.0 = Release|Any CPU
		{24572D78-27E7-4BCF-A824-DB06A83773F4}.Debug|Any CPU.ActiveCfg = Debug|iPhone
		{24572D78-27E7-4BCF-A824-DB06A83773F4}.Debug|iPhone.ActiveCfg = Debug|iPhone
		{24572D78-27E7-4BCF-A824-DB06A83773F4}.Debug|iPhone.Build.0 = Debug|iPhone
		{24572D78-27E7-4BCF-A824-DB06A83773F4}.Debug|iPhoneSimulator.ActiveCfg = Debug|iPhoneSimulator
		{24572D78-27E7-4BCF-A824-DB06A83773F4}.Debug|iPhoneSimulator.Build.0 = Debug|iPhoneSimulator
		{24572D78-27E7-4BCF-A824-DB06A83773F4}.Debug|x64.ActiveCfg = Debug|iPhone
		{24572D78-27E7-4BCF-A824-DB06A83773F4}.Debug|x86.ActiveCfg = Debug|iPhone
		{24572D78-27E7-4BCF-A824-DB06A83773F4}.Release|Any CPU.ActiveCfg = Release|iPhone
		{24572D78-27E7-4BCF-A824-DB06A83773F4}.Release|iPhone.ActiveCfg = Release|iPhone
		{24572D78-27E7-4BCF-A824-DB06A83773F4}.Release|iPhone.Build.0 = Release|iPhone
		{24572D78-27E7-4BCF-A824-DB06A83773F4}.Release|iPhoneSimulator.ActiveCfg = Release|iPhoneSimulator
		{24572D78-27E7-4BCF-A824-DB06A83773F4}.Release|iPhoneSimulator.Build.0 = Release|iPhoneSimulator
		{24572D78-27E7-4BCF-A824-DB06A83773F4}.Release|x64.ActiveCfg = Release|iPhone
		{24572D78-27E7-4BCF-A824-DB06A83773F4}.Release|x86.ActiveCfg = Release|iPhone
		{C84678A4-DA8B-4961-9A0B-A180BFA73B34}.Debug|Any CPU.ActiveCfg = Debug|iPhoneSimulator
		{C84678A4-DA8B-4961-9A0B-A180BFA73B34}.Debug|Any CPU.Build.0 = Debug|iPhoneSimulator
		{C84678A4-DA8B-4961-9A0B-A180BFA73B34}.Debug|iPhone.ActiveCfg = Debug|iPhone
		{C84678A4-DA8B-4961-9A0B-A180BFA73B34}.Debug|iPhone.Build.0 = Debug|iPhone
		{C84678A4-DA8B-4961-9A0B-A180BFA73B34}.Debug|iPhoneSimulator.ActiveCfg = Debug|iPhoneSimulator
		{C84678A4-DA8B-4961-9A0B-A180BFA73B34}.Debug|iPhoneSimulator.Build.0 = Debug|iPhoneSimulator
		{C84678A4-DA8B-4961-9A0B-A180BFA73B34}.Debug|x64.ActiveCfg = Debug|iPhoneSimulator
		{C84678A4-DA8B-4961-9A0B-A180BFA73B34}.Debug|x64.Build.0 = Debug|iPhoneSimulator
		{C84678A4-DA8B-4961-9A0B-A180BFA73B34}.Debug|x86.ActiveCfg = Debug|iPhoneSimulator
		{C84678A4-DA8B-4961-9A0B-A180BFA73B34}.Debug|x86.Build.0 = Debug|iPhoneSimulator
		{C84678A4-DA8B-4961-9A0B-A180BFA73B34}.Release|Any CPU.ActiveCfg = Release|iPhone
		{C84678A4-DA8B-4961-9A0B-A180BFA73B34}.Release|Any CPU.Build.0 = Release|iPhone
		{C84678A4-DA8B-4961-9A0B-A180BFA73B34}.Release|iPhone.ActiveCfg = Release|iPhone
		{C84678A4-DA8B-4961-9A0B-A180BFA73B34}.Release|iPhone.Build.0 = Release|iPhone
		{C84678A4-DA8B-4961-9A0B-A180BFA73B34}.Release|iPhoneSimulator.ActiveCfg = Release|iPhoneSimulator
		{C84678A4-DA8B-4961-9A0B-A180BFA73B34}.Release|iPhoneSimulator.Build.0 = Release|iPhoneSimulator
		{C84678A4-DA8B-4961-9A0B-A180BFA73B34}.Release|x64.ActiveCfg = Release|iPhone
		{C84678A4-DA8B-4961-9A0B-A180BFA73B34}.Release|x64.Build.0 = Release|iPhone
		{C84678A4-DA8B-4961-9A0B-A180BFA73B34}.Release|x86.ActiveCfg = Release|iPhone
		{C84678A4-DA8B-4961-9A0B-A180BFA73B34}.Release|x86.Build.0 = Release|iPhone
		{DC8C3065-7FCF-498C-8CB8-E30121E05BB7}.Debug|Any CPU.ActiveCfg = Debug|iPhoneSimulator
		{DC8C3065-7FCF-498C-8CB8-E30121E05BB7}.Debug|Any CPU.Build.0 = Debug|iPhoneSimulator
		{DC8C3065-7FCF-498C-8CB8-E30121E05BB7}.Debug|iPhone.ActiveCfg = Debug|iPhone
		{DC8C3065-7FCF-498C-8CB8-E30121E05BB7}.Debug|iPhone.Build.0 = Debug|iPhone
		{DC8C3065-7FCF-498C-8CB8-E30121E05BB7}.Debug|iPhoneSimulator.ActiveCfg = Debug|iPhoneSimulator
		{DC8C3065-7FCF-498C-8CB8-E30121E05BB7}.Debug|iPhoneSimulator.Build.0 = Debug|iPhoneSimulator
		{DC8C3065-7FCF-498C-8CB8-E30121E05BB7}.Debug|x64.ActiveCfg = Debug|iPhoneSimulator
		{DC8C3065-7FCF-498C-8CB8-E30121E05BB7}.Debug|x64.Build.0 = Debug|iPhoneSimulator
		{DC8C3065-7FCF-498C-8CB8-E30121E05BB7}.Debug|x86.ActiveCfg = Debug|iPhoneSimulator
		{DC8C3065-7FCF-498C-8CB8-E30121E05BB7}.Debug|x86.Build.0 = Debug|iPhoneSimulator
		{DC8C3065-7FCF-498C-8CB8-E30121E05BB7}.Release|Any CPU.ActiveCfg = Release|iPhone
		{DC8C3065-7FCF-498C-8CB8-E30121E05BB7}.Release|Any CPU.Build.0 = Release|iPhone
		{DC8C3065-7FCF-498C-8CB8-E30121E05BB7}.Release|iPhone.ActiveCfg = Release|iPhone
		{DC8C3065-7FCF-498C-8CB8-E30121E05BB7}.Release|iPhone.Build.0 = Release|iPhone
		{DC8C3065-7FCF-498C-8CB8-E30121E05BB7}.Release|iPhoneSimulator.ActiveCfg = Release|iPhoneSimulator
		{DC8C3065-7FCF-498C-8CB8-E30121E05BB7}.Release|iPhoneSimulator.Build.0 = Release|iPhoneSimulator
		{DC8C3065-7FCF-498C-8CB8-E30121E05BB7}.Release|x64.ActiveCfg = Release|iPhone
		{DC8C3065-7FCF-498C-8CB8-E30121E05BB7}.Release|x64.Build.0 = Release|iPhone
		{DC8C3065-7FCF-498C-8CB8-E30121E05BB7}.Release|x86.ActiveCfg = Release|iPhone
		{DC8C3065-7FCF-498C-8CB8-E30121E05BB7}.Release|x86.Build.0 = Release|iPhone
	EndGlobalSection
	GlobalSection(SolutionProperties) = preSolution
		HideSolutionNode = FALSE
	EndGlobalSection
	GlobalSection(ExtensibilityGlobals) = postSolution
		SolutionGuid = {7CA0B0E2-2719-4F43-B29A-84BE56FDD3BA}
	EndGlobalSection
EndGlobal
