
Microsoft Visual Studio Solution File, Format Version 12.00
# Visual Studio Version 16
VisualStudioVersion = 16.0.810.9
MinimumVisualStudioVersion = 10.0.40219.1
Project("{FAE04EC0-301F-11D3-BF4B-00C04F79EFBC}") = "MadWorld.Website", "MadWorld.Website\MadWorld.Website.csproj", "{D8F22551-49D2-4B73-AC19-0F6E5C9870F5}"
EndProject
Project("{FAE04EC0-301F-11D3-BF4B-00C04F79EFBC}") = "MadWorld.API", "MadWorld.API\MadWorld.API.csproj", "{0145123B-86C7-486F-B44F-0067F9B06124}"
EndProject
Project("{FAE04EC0-301F-11D3-BF4B-00C04F79EFBC}") = "MadWorld.Tests", "MadWorld.Tests\MadWorld.Tests.csproj", "{A021A6D2-A1B7-4057-8E32-EEF6E2D8F5E8}"
EndProject
Project("{FAE04EC0-301F-11D3-BF4B-00C04F79EFBC}") = "MadWorld.Shared", "MadWorld.Shared\MadWorld.Shared.csproj", "{DF8AC774-EEDC-4854-B030-26C1789FEE8F}"
EndProject
Project("{FAE04EC0-301F-11D3-BF4B-00C04F79EFBC}") = "MadWorld.Business", "MadWorld.Business\MadWorld.Business.csproj", "{1A491446-4364-4C74-B80B-B12D09EB7A1B}"
EndProject
Project("{FAE04EC0-301F-11D3-BF4B-00C04F79EFBC}") = "MadWorld.DataLayer", "MadWorld.DataLayer\MadWorld.DataLayer.csproj", "{3AF340BF-F4F1-4800-B48C-94B716AB6BF0}"
EndProject
Project("{FAE04EC0-301F-11D3-BF4B-00C04F79EFBC}") = "MadWorld.Console", "MadWorld.Console\MadWorld.Console.csproj", "{51053B3A-39E1-431F-981F-6E61BC67B7EE}"
EndProject
Project("{2150E333-8FDC-42A3-9474-1A3956D46DE8}") = "MadWorld.CustomPackages", "MadWorld.CustomPackages", "{36D48275-EC7A-4909-BBCF-127D0BC024EC}"
EndProject
Project("{FAE04EC0-301F-11D3-BF4B-00C04F79EFBC}") = "MadWorld.Optional", "MadWorld.CustomPackages\MadWorld.Optional\MadWorld.Optional.csproj", "{562664AF-5AFF-4D45-8387-537BABDB7640}"
EndProject
Project("{FAE04EC0-301F-11D3-BF4B-00C04F79EFBC}") = "MadWorld.Guardian", "MadWorld.CustomPackages\MadWorld.Guardian\MadWorld.Guardian.csproj", "{1C9F27B8-8224-4BA1-A191-DFFBA977D3F7}"
EndProject
Global
	GlobalSection(SolutionConfigurationPlatforms) = preSolution
		Debug|Any CPU = Debug|Any CPU
		Release|Any CPU = Release|Any CPU
	EndGlobalSection
	GlobalSection(ProjectConfigurationPlatforms) = postSolution
		{D8F22551-49D2-4B73-AC19-0F6E5C9870F5}.Debug|Any CPU.ActiveCfg = Debug|Any CPU
		{D8F22551-49D2-4B73-AC19-0F6E5C9870F5}.Debug|Any CPU.Build.0 = Debug|Any CPU
		{D8F22551-49D2-4B73-AC19-0F6E5C9870F5}.Release|Any CPU.ActiveCfg = Release|Any CPU
		{D8F22551-49D2-4B73-AC19-0F6E5C9870F5}.Release|Any CPU.Build.0 = Release|Any CPU
		{0145123B-86C7-486F-B44F-0067F9B06124}.Debug|Any CPU.ActiveCfg = Debug|Any CPU
		{0145123B-86C7-486F-B44F-0067F9B06124}.Debug|Any CPU.Build.0 = Debug|Any CPU
		{0145123B-86C7-486F-B44F-0067F9B06124}.Release|Any CPU.ActiveCfg = Release|Any CPU
		{0145123B-86C7-486F-B44F-0067F9B06124}.Release|Any CPU.Build.0 = Release|Any CPU
		{A021A6D2-A1B7-4057-8E32-EEF6E2D8F5E8}.Debug|Any CPU.ActiveCfg = Debug|Any CPU
		{A021A6D2-A1B7-4057-8E32-EEF6E2D8F5E8}.Debug|Any CPU.Build.0 = Debug|Any CPU
		{A021A6D2-A1B7-4057-8E32-EEF6E2D8F5E8}.Release|Any CPU.ActiveCfg = Release|Any CPU
		{A021A6D2-A1B7-4057-8E32-EEF6E2D8F5E8}.Release|Any CPU.Build.0 = Release|Any CPU
		{DF8AC774-EEDC-4854-B030-26C1789FEE8F}.Debug|Any CPU.ActiveCfg = Debug|Any CPU
		{DF8AC774-EEDC-4854-B030-26C1789FEE8F}.Debug|Any CPU.Build.0 = Debug|Any CPU
		{DF8AC774-EEDC-4854-B030-26C1789FEE8F}.Release|Any CPU.ActiveCfg = Release|Any CPU
		{DF8AC774-EEDC-4854-B030-26C1789FEE8F}.Release|Any CPU.Build.0 = Release|Any CPU
		{1A491446-4364-4C74-B80B-B12D09EB7A1B}.Debug|Any CPU.ActiveCfg = Debug|Any CPU
		{1A491446-4364-4C74-B80B-B12D09EB7A1B}.Debug|Any CPU.Build.0 = Debug|Any CPU
		{1A491446-4364-4C74-B80B-B12D09EB7A1B}.Release|Any CPU.ActiveCfg = Release|Any CPU
		{1A491446-4364-4C74-B80B-B12D09EB7A1B}.Release|Any CPU.Build.0 = Release|Any CPU
		{3AF340BF-F4F1-4800-B48C-94B716AB6BF0}.Debug|Any CPU.ActiveCfg = Debug|Any CPU
		{3AF340BF-F4F1-4800-B48C-94B716AB6BF0}.Debug|Any CPU.Build.0 = Debug|Any CPU
		{3AF340BF-F4F1-4800-B48C-94B716AB6BF0}.Release|Any CPU.ActiveCfg = Release|Any CPU
		{3AF340BF-F4F1-4800-B48C-94B716AB6BF0}.Release|Any CPU.Build.0 = Release|Any CPU
		{51053B3A-39E1-431F-981F-6E61BC67B7EE}.Debug|Any CPU.ActiveCfg = Debug|Any CPU
		{51053B3A-39E1-431F-981F-6E61BC67B7EE}.Debug|Any CPU.Build.0 = Debug|Any CPU
		{51053B3A-39E1-431F-981F-6E61BC67B7EE}.Release|Any CPU.ActiveCfg = Release|Any CPU
		{51053B3A-39E1-431F-981F-6E61BC67B7EE}.Release|Any CPU.Build.0 = Release|Any CPU
		{562664AF-5AFF-4D45-8387-537BABDB7640}.Debug|Any CPU.ActiveCfg = Debug|Any CPU
		{562664AF-5AFF-4D45-8387-537BABDB7640}.Debug|Any CPU.Build.0 = Debug|Any CPU
		{562664AF-5AFF-4D45-8387-537BABDB7640}.Release|Any CPU.ActiveCfg = Release|Any CPU
		{562664AF-5AFF-4D45-8387-537BABDB7640}.Release|Any CPU.Build.0 = Release|Any CPU
		{1C9F27B8-8224-4BA1-A191-DFFBA977D3F7}.Debug|Any CPU.ActiveCfg = Debug|Any CPU
		{1C9F27B8-8224-4BA1-A191-DFFBA977D3F7}.Debug|Any CPU.Build.0 = Debug|Any CPU
		{1C9F27B8-8224-4BA1-A191-DFFBA977D3F7}.Release|Any CPU.ActiveCfg = Release|Any CPU
		{1C9F27B8-8224-4BA1-A191-DFFBA977D3F7}.Release|Any CPU.Build.0 = Release|Any CPU
	EndGlobalSection
	GlobalSection(SolutionProperties) = preSolution
		HideSolutionNode = FALSE
	EndGlobalSection
	GlobalSection(ExtensibilityGlobals) = postSolution
		SolutionGuid = {0BC99E79-60C1-4EB2-8FE8-6B2EFED569A2}
	EndGlobalSection
	GlobalSection(NestedProjects) = preSolution
		{562664AF-5AFF-4D45-8387-537BABDB7640} = {36D48275-EC7A-4909-BBCF-127D0BC024EC}
		{1C9F27B8-8224-4BA1-A191-DFFBA977D3F7} = {36D48275-EC7A-4909-BBCF-127D0BC024EC}
	EndGlobalSection
EndGlobal
